
Microsoft Visual Studio Solution File, Format Version 12.00
# Visual Studio Version 17
VisualStudioVersion = 17.0.31903.59
MinimumVisualStudioVersion = 10.0.40219.1
Project("{2150E333-8FDC-42A3-9474-1A3956D46DE8}") = "src", "src", "{827E0CD3-B72D-47B6-A68D-7590B98EB39B}"
EndProject
Project("{FAE04EC0-301F-11D3-BF4B-00C04F79EFBC}") = "SqlMind.API", "src\SqlMind.API\SqlMind.API.csproj", "{B2B760FA-A451-4908-BACF-02A35B215208}"
EndProject
Project("{FAE04EC0-301F-11D3-BF4B-00C04F79EFBC}") = "SqlMind.Core", "src\SqlMind.Core\SqlMind.Core.csproj", "{576C1331-93FE-4D81-9B33-A0FDF172A8DA}"
EndProject
Project("{FAE04EC0-301F-11D3-BF4B-00C04F79EFBC}") = "SqlMind.Infrastructure", "src\SqlMind.Infrastructure\SqlMind.Infrastructure.csproj", "{34C51A8C-7083-49F2-ADFB-FE3997DB28C3}"
EndProject
Project("{FAE04EC0-301F-11D3-BF4B-00C04F79EFBC}") = "SqlMind.Agent", "src\SqlMind.Agent\SqlMind.Agent.csproj", "{6F008F44-D214-4A50-8133-D0D1C607C3BA}"
EndProject
Project("{FAE04EC0-301F-11D3-BF4B-00C04F79EFBC}") = "SqlMind.UnitTests", "tests\SqlMind.UnitTests\SqlMind.UnitTests.csproj", "{CC899212-2CDA-4428-9A4C-C3659300EC32}"
EndProject
Project("{2150E333-8FDC-42A3-9474-1A3956D46DE8}") = "tests", "tests", "{0AB3BF05-4346-4AA6-1389-037BE0695223}"
EndProject
Project("{FAE04EC0-301F-11D3-BF4B-00C04F79EFBC}") = "SqlMind.IntegrationTests", "tests\SqlMind.IntegrationTests\SqlMind.IntegrationTests.csproj", "{D6B2E3FC-FC75-40D2-A239-69A157D9D756}"
EndProject
Global
	GlobalSection(SolutionConfigurationPlatforms) = preSolution
		Debug|Any CPU = Debug|Any CPU
		Debug|x64 = Debug|x64
		Debug|x86 = Debug|x86
		Release|Any CPU = Release|Any CPU
		Release|x64 = Release|x64
		Release|x86 = Release|x86
	EndGlobalSection
	GlobalSection(ProjectConfigurationPlatforms) = postSolution
		{B2B760FA-A451-4908-BACF-02A35B215208}.Debug|Any CPU.ActiveCfg = Debug|Any CPU
		{B2B760FA-A451-4908-BACF-02A35B215208}.Debug|Any CPU.Build.0 = Debug|Any CPU
		{B2B760FA-A451-4908-BACF-02A35B215208}.Debug|x64.ActiveCfg = Debug|Any CPU
		{B2B760FA-A451-4908-BACF-02A35B215208}.Debug|x64.Build.0 = Debug|Any CPU
		{B2B760FA-A451-4908-BACF-02A35B215208}.Debug|x86.ActiveCfg = Debug|Any CPU
		{B2B760FA-A451-4908-BACF-02A35B215208}.Debug|x86.Build.0 = Debug|Any CPU
		{B2B760FA-A451-4908-BACF-02A35B215208}.Release|Any CPU.ActiveCfg = Release|Any CPU
		{B2B760FA-A451-4908-BACF-02A35B215208}.Release|Any CPU.Build.0 = Release|Any CPU
		{B2B760FA-A451-4908-BACF-02A35B215208}.Release|x64.ActiveCfg = Release|Any CPU
		{B2B760FA-A451-4908-BACF-02A35B215208}.Release|x64.Build.0 = Release|Any CPU
		{B2B760FA-A451-4908-BACF-02A35B215208}.Release|x86.ActiveCfg = Release|Any CPU
		{B2B760FA-A451-4908-BACF-02A35B215208}.Release|x86.Build.0 = Release|Any CPU
		{576C1331-93FE-4D81-9B33-A0FDF172A8DA}.Debug|Any CPU.ActiveCfg = Debug|Any CPU
		{576C1331-93FE-4D81-9B33-A0FDF172A8DA}.Debug|Any CPU.Build.0 = Debug|Any CPU
		{576C1331-93FE-4D81-9B33-A0FDF172A8DA}.Debug|x64.ActiveCfg = Debug|Any CPU
		{576C1331-93FE-4D81-9B33-A0FDF172A8DA}.Debug|x64.Build.0 = Debug|Any CPU
		{576C1331-93FE-4D81-9B33-A0FDF172A8DA}.Debug|x86.ActiveCfg = Debug|Any CPU
		{576C1331-93FE-4D81-9B33-A0FDF172A8DA}.Debug|x86.Build.0 = Debug|Any CPU
		{576C1331-93FE-4D81-9B33-A0FDF172A8DA}.Release|Any CPU.ActiveCfg = Release|Any CPU
		{576C1331-93FE-4D81-9B33-A0FDF172A8DA}.Release|Any CPU.Build.0 = Release|Any CPU
		{576C1331-93FE-4D81-9B33-A0FDF172A8DA}.Release|x64.ActiveCfg = Release|Any CPU
		{576C1331-93FE-4D81-9B33-A0FDF172A8DA}.Release|x64.Build.0 = Release|Any CPU
		{576C1331-93FE-4D81-9B33-A0FDF172A8DA}.Release|x86.ActiveCfg = Release|Any CPU
		{576C1331-93FE-4D81-9B33-A0FDF172A8DA}.Release|x86.Build.0 = Release|Any CPU
		{34C51A8C-7083-49F2-ADFB-FE3997DB28C3}.Debug|Any CPU.ActiveCfg = Debug|Any CPU
		{34C51A8C-7083-49F2-ADFB-FE3997DB28C3}.Debug|Any CPU.Build.0 = Debug|Any CPU
		{34C51A8C-7083-49F2-ADFB-FE3997DB28C3}.Debug|x64.ActiveCfg = Debug|Any CPU
		{34C51A8C-7083-49F2-ADFB-FE3997DB28C3}.Debug|x64.Build.0 = Debug|Any CPU
		{34C51A8C-7083-49F2-ADFB-FE3997DB28C3}.Debug|x86.ActiveCfg = Debug|Any CPU
		{34C51A8C-7083-49F2-ADFB-FE3997DB28C3}.Debug|x86.Build.0 = Debug|Any CPU
		{34C51A8C-7083-49F2-ADFB-FE3997DB28C3}.Release|Any CPU.ActiveCfg = Release|Any CPU
		{34C51A8C-7083-49F2-ADFB-FE3997DB28C3}.Release|Any CPU.Build.0 = Release|Any CPU
		{34C51A8C-7083-49F2-ADFB-FE3997DB28C3}.Release|x64.ActiveCfg = Release|Any CPU
		{34C51A8C-7083-49F2-ADFB-FE3997DB28C3}.Release|x64.Build.0 = Release|Any CPU
		{34C51A8C-7083-49F2-ADFB-FE3997DB28C3}.Release|x86.ActiveCfg = Release|Any CPU
		{34C51A8C-7083-49F2-ADFB-FE3997DB28C3}.Release|x86.Build.0 = Release|Any CPU
		{6F008F44-D214-4A50-8133-D0D1C607C3BA}.Debug|Any CPU.ActiveCfg = Debug|Any CPU
		{6F008F44-D214-4A50-8133-D0D1C607C3BA}.Debug|Any CPU.Build.0 = Debug|Any CPU
		{6F008F44-D214-4A50-8133-D0D1C607C3BA}.Debug|x64.ActiveCfg = Debug|Any CPU
		{6F008F44-D214-4A50-8133-D0D1C607C3BA}.Debug|x64.Build.0 = Debug|Any CPU
		{6F008F44-D214-4A50-8133-D0D1C607C3BA}.Debug|x86.ActiveCfg = Debug|Any CPU
		{6F008F44-D214-4A50-8133-D0D1C607C3BA}.Debug|x86.Build.0 = Debug|Any CPU
		{6F008F44-D214-4A50-8133-D0D1C607C3BA}.Release|Any CPU.ActiveCfg = Release|Any CPU
		{6F008F44-D214-4A50-8133-D0D1C607C3BA}.Release|Any CPU.Build.0 = Release|Any CPU
		{6F008F44-D214-4A50-8133-D0D1C607C3BA}.Release|x64.ActiveCfg = Release|Any CPU
		{6F008F44-D214-4A50-8133-D0D1C607C3BA}.Release|x64.Build.0 = Release|Any CPU
		{6F008F44-D214-4A50-8133-D0D1C607C3BA}.Release|x86.ActiveCfg = Release|Any CPU
		{6F008F44-D214-4A50-8133-D0D1C607C3BA}.Release|x86.Build.0 = Release|Any CPU
		{CC899212-2CDA-4428-9A4C-C3659300EC32}.Debug|Any CPU.ActiveCfg = Debug|Any CPU
		{CC899212-2CDA-4428-9A4C-C3659300EC32}.Debug|Any CPU.Build.0 = Debug|Any CPU
		{CC899212-2CDA-4428-9A4C-C3659300EC32}.Debug|x64.ActiveCfg = Debug|Any CPU
		{CC899212-2CDA-4428-9A4C-C3659300EC32}.Debug|x64.Build.0 = Debug|Any CPU
		{CC899212-2CDA-4428-9A4C-C3659300EC32}.Debug|x86.ActiveCfg = Debug|Any CPU
		{CC899212-2CDA-4428-9A4C-C3659300EC32}.Debug|x86.Build.0 = Debug|Any CPU
		{CC899212-2CDA-4428-9A4C-C3659300EC32}.Release|Any CPU.ActiveCfg = Release|Any CPU
		{CC899212-2CDA-4428-9A4C-C3659300EC32}.Release|Any CPU.Build.0 = Release|Any CPU
		{CC899212-2CDA-4428-9A4C-C3659300EC32}.Release|x64.ActiveCfg = Release|Any CPU
		{CC899212-2CDA-4428-9A4C-C3659300EC32}.Release|x64.Build.0 = Release|Any CPU
		{CC899212-2CDA-4428-9A4C-C3659300EC32}.Release|x86.ActiveCfg = Release|Any CPU
		{CC899212-2CDA-4428-9A4C-C3659300EC32}.Release|x86.Build.0 = Release|Any CPU
		{D6B2E3FC-FC75-40D2-A239-69A157D9D756}.Debug|Any CPU.ActiveCfg = Debug|Any CPU
		{D6B2E3FC-FC75-40D2-A239-69A157D9D756}.Debug|Any CPU.Build.0 = Debug|Any CPU
		{D6B2E3FC-FC75-40D2-A239-69A157D9D756}.Debug|x64.ActiveCfg = Debug|Any CPU
		{D6B2E3FC-FC75-40D2-A239-69A157D9D756}.Debug|x64.Build.0 = Debug|Any CPU
		{D6B2E3FC-FC75-40D2-A239-69A157D9D756}.Debug|x86.ActiveCfg = Debug|Any CPU
		{D6B2E3FC-FC75-40D2-A239-69A157D9D756}.Debug|x86.Build.0 = Debug|Any CPU
		{D6B2E3FC-FC75-40D2-A239-69A157D9D756}.Release|Any CPU.ActiveCfg = Release|Any CPU
		{D6B2E3FC-FC75-40D2-A239-69A157D9D756}.Release|Any CPU.Build.0 = Release|Any CPU
		{D6B2E3FC-FC75-40D2-A239-69A157D9D756}.Release|x64.ActiveCfg = Release|Any CPU
		{D6B2E3FC-FC75-40D2-A239-69A157D9D756}.Release|x64.Build.0 = Release|Any CPU
		{D6B2E3FC-FC75-40D2-A239-69A157D9D756}.Release|x86.ActiveCfg = Release|Any CPU
		{D6B2E3FC-FC75-40D2-A239-69A157D9D756}.Release|x86.Build.0 = Release|Any CPU
	EndGlobalSection
	GlobalSection(SolutionProperties) = preSolution
		HideSolutionNode = FALSE
	EndGlobalSection
	GlobalSection(NestedProjects) = preSolution
		{B2B760FA-A451-4908-BACF-02A35B215208} = {827E0CD3-B72D-47B6-A68D-7590B98EB39B}
		{576C1331-93FE-4D81-9B33-A0FDF172A8DA} = {827E0CD3-B72D-47B6-A68D-7590B98EB39B}
		{34C51A8C-7083-49F2-ADFB-FE3997DB28C3} = {827E0CD3-B72D-47B6-A68D-7590B98EB39B}
		{6F008F44-D214-4A50-8133-D0D1C607C3BA} = {827E0CD3-B72D-47B6-A68D-7590B98EB39B}
		{CC899212-2CDA-4428-9A4C-C3659300EC32} = {827E0CD3-B72D-47B6-A68D-7590B98EB39B}
		{D6B2E3FC-FC75-40D2-A239-69A157D9D756} = {0AB3BF05-4346-4AA6-1389-037BE0695223}
	EndGlobalSection
EndGlobal
